
Microsoft Visual Studio Solution File, Format Version 12.00
# Visual Studio Version 16
VisualStudioVersion = 16.0.30114.105
MinimumVisualStudioVersion = 10.0.40219.1
Project("{FAE04EC0-301F-11D3-BF4B-00C04F79EFBC}") = "SearchEngine", "SearchEngine\SearchEngine.csproj", "{4A3A1BC2-5A43-43EB-92CE-D291C87FF1F9}"
EndProject
Project("{FAE04EC0-301F-11D3-BF4B-00C04F79EFBC}") = "TestProject1", "TestProject1\TestProject1.csproj", "{12EA5FE0-4981-43FE-834F-6547E01707D2}"
EndProject
Project("{FAE04EC0-301F-11D3-BF4B-00C04F79EFBC}") = "WebApi", "WebApi\WebApi.csproj", "{AA1E321E-0E09-4EA3-9E35-41C37C3A0ABD}"
EndProject
Global
	GlobalSection(SolutionConfigurationPlatforms) = preSolution
		Debug|Any CPU = Debug|Any CPU
		Debug|x64 = Debug|x64
		Debug|x86 = Debug|x86
		Release|Any CPU = Release|Any CPU
		Release|x64 = Release|x64
		Release|x86 = Release|x86
	EndGlobalSection
	GlobalSection(SolutionProperties) = preSolution
		HideSolutionNode = FALSE
	EndGlobalSection
	GlobalSection(ProjectConfigurationPlatforms) = postSolution
		{4A3A1BC2-5A43-43EB-92CE-D291C87FF1F9}.Debug|Any CPU.ActiveCfg = Debug|Any CPU
		{4A3A1BC2-5A43-43EB-92CE-D291C87FF1F9}.Debug|Any CPU.Build.0 = Debug|Any CPU
		{4A3A1BC2-5A43-43EB-92CE-D291C87FF1F9}.Debug|x64.ActiveCfg = Debug|Any CPU
		{4A3A1BC2-5A43-43EB-92CE-D291C87FF1F9}.Debug|x64.Build.0 = Debug|Any CPU
		{4A3A1BC2-5A43-43EB-92CE-D291C87FF1F9}.Debug|x86.ActiveCfg = Debug|Any CPU
		{4A3A1BC2-5A43-43EB-92CE-D291C87FF1F9}.Debug|x86.Build.0 = Debug|Any CPU
		{4A3A1BC2-5A43-43EB-92CE-D291C87FF1F9}.Release|Any CPU.ActiveCfg = Release|Any CPU
		{4A3A1BC2-5A43-43EB-92CE-D291C87FF1F9}.Release|Any CPU.Build.0 = Release|Any CPU
		{4A3A1BC2-5A43-43EB-92CE-D291C87FF1F9}.Release|x64.ActiveCfg = Release|Any CPU
		{4A3A1BC2-5A43-43EB-92CE-D291C87FF1F9}.Release|x64.Build.0 = Release|Any CPU
		{4A3A1BC2-5A43-43EB-92CE-D291C87FF1F9}.Release|x86.ActiveCfg = Release|Any CPU
		{4A3A1BC2-5A43-43EB-92CE-D291C87FF1F9}.Release|x86.Build.0 = Release|Any CPU
		{12EA5FE0-4981-43FE-834F-6547E01707D2}.Debug|Any CPU.ActiveCfg = Debug|Any CPU
		{12EA5FE0-4981-43FE-834F-6547E01707D2}.Debug|Any CPU.Build.0 = Debug|Any CPU
		{12EA5FE0-4981-43FE-834F-6547E01707D2}.Debug|x64.ActiveCfg = Debug|Any CPU
		{12EA5FE0-4981-43FE-834F-6547E01707D2}.Debug|x64.Build.0 = Debug|Any CPU
		{12EA5FE0-4981-43FE-834F-6547E01707D2}.Debug|x86.ActiveCfg = Debug|Any CPU
		{12EA5FE0-4981-43FE-834F-6547E01707D2}.Debug|x86.Build.0 = Debug|Any CPU
		{12EA5FE0-4981-43FE-834F-6547E01707D2}.Release|Any CPU.ActiveCfg = Release|Any CPU
		{12EA5FE0-4981-43FE-834F-6547E01707D2}.Release|Any CPU.Build.0 = Release|Any CPU
		{12EA5FE0-4981-43FE-834F-6547E01707D2}.Release|x64.ActiveCfg = Release|Any CPU
		{12EA5FE0-4981-43FE-834F-6547E01707D2}.Release|x64.Build.0 = Release|Any CPU
		{12EA5FE0-4981-43FE-834F-6547E01707D2}.Release|x86.ActiveCfg = Release|Any CPU
		{12EA5FE0-4981-43FE-834F-6547E01707D2}.Release|x86.Build.0 = Release|Any CPU
		{AA1E321E-0E09-4EA3-9E35-41C37C3A0ABD}.Debug|Any CPU.ActiveCfg = Debug|Any CPU
		{AA1E321E-0E09-4EA3-9E35-41C37C3A0ABD}.Debug|Any CPU.Build.0 = Debug|Any CPU
		{AA1E321E-0E09-4EA3-9E35-41C37C3A0ABD}.Debug|x64.ActiveCfg = Debug|Any CPU
		{AA1E321E-0E09-4EA3-9E35-41C37C3A0ABD}.Debug|x64.Build.0 = Debug|Any CPU
		{AA1E321E-0E09-4EA3-9E35-41C37C3A0ABD}.Debug|x86.ActiveCfg = Debug|Any CPU
		{AA1E321E-0E09-4EA3-9E35-41C37C3A0ABD}.Debug|x86.Build.0 = Debug|Any CPU
		{AA1E321E-0E09-4EA3-9E35-41C37C3A0ABD}.Release|Any CPU.ActiveCfg = Release|Any CPU
		{AA1E321E-0E09-4EA3-9E35-41C37C3A0ABD}.Release|Any CPU.Build.0 = Release|Any CPU
		{AA1E321E-0E09-4EA3-9E35-41C37C3A0ABD}.Release|x64.ActiveCfg = Release|Any CPU
		{AA1E321E-0E09-4EA3-9E35-41C37C3A0ABD}.Release|x64.Build.0 = Release|Any CPU
		{AA1E321E-0E09-4EA3-9E35-41C37C3A0ABD}.Release|x86.ActiveCfg = Release|Any CPU
		{AA1E321E-0E09-4EA3-9E35-41C37C3A0ABD}.Release|x86.Build.0 = Release|Any CPU
	EndGlobalSection
EndGlobal
