
Microsoft Visual Studio Solution File, Format Version 12.00
Project("{FAE04EC0-301F-11D3-BF4B-00C04F79EFBC}") = "SearchEngine", "SearchEngine\SearchEngine.csproj", "{F436EE44-267F-4069-9CC3-C33EC166A6A9}"
EndProject
Project("{FAE04EC0-301F-11D3-BF4B-00C04F79EFBC}") = "TestProject1", "TestProject1\TestProject1.csproj", "{2CADE5CA-CF04-4C3F-A401-89ED48A0EE20}"
EndProject
Global
	GlobalSection(SolutionConfigurationPlatforms) = preSolution
		Debug|Any CPU = Debug|Any CPU
		Release|Any CPU = Release|Any CPU
	EndGlobalSection
	GlobalSection(ProjectConfigurationPlatforms) = postSolution
		{F436EE44-267F-4069-9CC3-C33EC166A6A9}.Debug|Any CPU.ActiveCfg = Debug|Any CPU
		{F436EE44-267F-4069-9CC3-C33EC166A6A9}.Debug|Any CPU.Build.0 = Debug|Any CPU
		{F436EE44-267F-4069-9CC3-C33EC166A6A9}.Release|Any CPU.ActiveCfg = Release|Any CPU
		{F436EE44-267F-4069-9CC3-C33EC166A6A9}.Release|Any CPU.Build.0 = Release|Any CPU
		{2CADE5CA-CF04-4C3F-A401-89ED48A0EE20}.Debug|Any CPU.ActiveCfg = Debug|Any CPU
		{2CADE5CA-CF04-4C3F-A401-89ED48A0EE20}.Debug|Any CPU.Build.0 = Debug|Any CPU
		{2CADE5CA-CF04-4C3F-A401-89ED48A0EE20}.Release|Any CPU.ActiveCfg = Release|Any CPU
		{2CADE5CA-CF04-4C3F-A401-89ED48A0EE20}.Release|Any CPU.Build.0 = Release|Any CPU
	EndGlobalSection
EndGlobal
